
Microsoft Visual Studio Solution File, Format Version 12.00
# Visual Studio Version 17
VisualStudioVersion = 17.8.34330.188
MinimumVisualStudioVersion = 10.0.40219.1
Project("{2150E333-8FDC-42A3-9474-1A3956D46DE8}") = "Domain", "Domain", "{3D927852-54C4-411F-81FD-48EA128E0C3A}"
EndProject
Project("{9A19103F-16F7-4668-BE54-9A1E7A4F7556}") = "Domain.Common", "Domain\Domain.Common\Domain.Common.csproj", "{96F47942-DF41-4D96-8FDC-6EE2CB8BE9BA}"
EndProject
Project("{2150E333-8FDC-42A3-9474-1A3956D46DE8}") = "MicroServices", "MicroServices", "{5E41D4E2-A8AF-4680-B277-AF47EB478656}"
EndProject
Project("{2150E333-8FDC-42A3-9474-1A3956D46DE8}") = "APIs", "APIs", "{3E32FC12-3E46-4AB0-9D5B-5D4F95D19A86}"
EndProject
Project("{2150E333-8FDC-42A3-9474-1A3956D46DE8}") = "Albums", "Albums", "{E1C1E20C-C4BA-4BC6-A7D6-41D05FD51A2C}"
EndProject
Project("{2150E333-8FDC-42A3-9474-1A3956D46DE8}") = "Customers", "Customers", "{4D2A52D7-AD07-41DC-AB02-9BC3B9E1DA66}"
EndProject
Project("{2150E333-8FDC-42A3-9474-1A3956D46DE8}") = "Orders", "Orders", "{AB3FB904-FF2E-4E7A-B223-AB6217E0560C}"
EndProject
Project("{9A19103F-16F7-4668-BE54-9A1E7A4F7556}") = "Albums.API", "MicroServices\APIs\Albums\Albums.API\Albums.API.csproj", "{CE5D82D6-01EA-4AD8-A93C-121A40EC01B6}"
EndProject
Project("{9A19103F-16F7-4668-BE54-9A1E7A4F7556}") = "Albums.DataAccess", "MicroServices\APIs\Albums\Albums.DataAccess\Albums.DataAccess.csproj", "{FF4B313C-ACEE-4383-88E5-C9B196564262}"
EndProject
Project("{9A19103F-16F7-4668-BE54-9A1E7A4F7556}") = "Customers.DataAccess", "MicroServices\APIs\Customers\Customers.DataAccess\Customers.DataAccess.csproj", "{6C0A32EC-8051-46EC-8D42-B9F92D784565}"
EndProject
Project("{9A19103F-16F7-4668-BE54-9A1E7A4F7556}") = "Customers.API", "MicroServices\APIs\Customers\Customers.API\Customers.API.csproj", "{2CF2BA20-EB75-472B-8795-D508AA3D7456}"
EndProject
Project("{9A19103F-16F7-4668-BE54-9A1E7A4F7556}") = "Orders.API", "MicroServices\APIs\Orders\Orders.API\Orders.API.csproj", "{5F20D25B-BFE4-4923-B19D-9D6CD07EFB9D}"
EndProject
Project("{9A19103F-16F7-4668-BE54-9A1E7A4F7556}") = "Orders.DataAccess", "MicroServices\APIs\Orders\Orders.DataAccess\Orders.DataAccess.csproj", "{EE48C69C-7DC9-47E2-A5BC-BE4D3D0A8125}"
EndProject
Project("{E53339B2-1760-4266-BCC7-CA923CBCF16C}") = "docker-compose", "docker-compose.dcproj", "{D0DBFE35-B64A-424A-83D9-A06A47EDB172}"
EndProject
Global
	GlobalSection(SolutionConfigurationPlatforms) = preSolution
		Debug|Any CPU = Debug|Any CPU
		Release|Any CPU = Release|Any CPU
	EndGlobalSection
	GlobalSection(ProjectConfigurationPlatforms) = postSolution
		{96F47942-DF41-4D96-8FDC-6EE2CB8BE9BA}.Debug|Any CPU.ActiveCfg = Debug|Any CPU
		{96F47942-DF41-4D96-8FDC-6EE2CB8BE9BA}.Debug|Any CPU.Build.0 = Debug|Any CPU
		{96F47942-DF41-4D96-8FDC-6EE2CB8BE9BA}.Release|Any CPU.ActiveCfg = Release|Any CPU
		{96F47942-DF41-4D96-8FDC-6EE2CB8BE9BA}.Release|Any CPU.Build.0 = Release|Any CPU
		{CE5D82D6-01EA-4AD8-A93C-121A40EC01B6}.Debug|Any CPU.ActiveCfg = Debug|Any CPU
		{CE5D82D6-01EA-4AD8-A93C-121A40EC01B6}.Debug|Any CPU.Build.0 = Debug|Any CPU
		{CE5D82D6-01EA-4AD8-A93C-121A40EC01B6}.Release|Any CPU.ActiveCfg = Release|Any CPU
		{CE5D82D6-01EA-4AD8-A93C-121A40EC01B6}.Release|Any CPU.Build.0 = Release|Any CPU
		{FF4B313C-ACEE-4383-88E5-C9B196564262}.Debug|Any CPU.ActiveCfg = Debug|Any CPU
		{FF4B313C-ACEE-4383-88E5-C9B196564262}.Debug|Any CPU.Build.0 = Debug|Any CPU
		{FF4B313C-ACEE-4383-88E5-C9B196564262}.Release|Any CPU.ActiveCfg = Release|Any CPU
		{FF4B313C-ACEE-4383-88E5-C9B196564262}.Release|Any CPU.Build.0 = Release|Any CPU
		{6C0A32EC-8051-46EC-8D42-B9F92D784565}.Debug|Any CPU.ActiveCfg = Debug|Any CPU
		{6C0A32EC-8051-46EC-8D42-B9F92D784565}.Debug|Any CPU.Build.0 = Debug|Any CPU
		{6C0A32EC-8051-46EC-8D42-B9F92D784565}.Release|Any CPU.ActiveCfg = Release|Any CPU
		{6C0A32EC-8051-46EC-8D42-B9F92D784565}.Release|Any CPU.Build.0 = Release|Any CPU
		{2CF2BA20-EB75-472B-8795-D508AA3D7456}.Debug|Any CPU.ActiveCfg = Debug|Any CPU
		{2CF2BA20-EB75-472B-8795-D508AA3D7456}.Debug|Any CPU.Build.0 = Debug|Any CPU
		{2CF2BA20-EB75-472B-8795-D508AA3D7456}.Release|Any CPU.ActiveCfg = Release|Any CPU
		{2CF2BA20-EB75-472B-8795-D508AA3D7456}.Release|Any CPU.Build.0 = Release|Any CPU
		{5F20D25B-BFE4-4923-B19D-9D6CD07EFB9D}.Debug|Any CPU.ActiveCfg = Debug|Any CPU
		{5F20D25B-BFE4-4923-B19D-9D6CD07EFB9D}.Debug|Any CPU.Build.0 = Debug|Any CPU
		{5F20D25B-BFE4-4923-B19D-9D6CD07EFB9D}.Release|Any CPU.ActiveCfg = Release|Any CPU
		{5F20D25B-BFE4-4923-B19D-9D6CD07EFB9D}.Release|Any CPU.Build.0 = Release|Any CPU
		{EE48C69C-7DC9-47E2-A5BC-BE4D3D0A8125}.Debug|Any CPU.ActiveCfg = Debug|Any CPU
		{EE48C69C-7DC9-47E2-A5BC-BE4D3D0A8125}.Debug|Any CPU.Build.0 = Debug|Any CPU
		{EE48C69C-7DC9-47E2-A5BC-BE4D3D0A8125}.Release|Any CPU.ActiveCfg = Release|Any CPU
		{EE48C69C-7DC9-47E2-A5BC-BE4D3D0A8125}.Release|Any CPU.Build.0 = Release|Any CPU
		{D0DBFE35-B64A-424A-83D9-A06A47EDB172}.Debug|Any CPU.ActiveCfg = Debug|Any CPU
		{D0DBFE35-B64A-424A-83D9-A06A47EDB172}.Debug|Any CPU.Build.0 = Debug|Any CPU
		{D0DBFE35-B64A-424A-83D9-A06A47EDB172}.Release|Any CPU.ActiveCfg = Release|Any CPU
		{D0DBFE35-B64A-424A-83D9-A06A47EDB172}.Release|Any CPU.Build.0 = Release|Any CPU
	EndGlobalSection
	GlobalSection(SolutionProperties) = preSolution
		HideSolutionNode = FALSE
	EndGlobalSection
	GlobalSection(NestedProjects) = preSolution
		{96F47942-DF41-4D96-8FDC-6EE2CB8BE9BA} = {3D927852-54C4-411F-81FD-48EA128E0C3A}
		{3E32FC12-3E46-4AB0-9D5B-5D4F95D19A86} = {5E41D4E2-A8AF-4680-B277-AF47EB478656}
		{E1C1E20C-C4BA-4BC6-A7D6-41D05FD51A2C} = {3E32FC12-3E46-4AB0-9D5B-5D4F95D19A86}
		{4D2A52D7-AD07-41DC-AB02-9BC3B9E1DA66} = {3E32FC12-3E46-4AB0-9D5B-5D4F95D19A86}
		{AB3FB904-FF2E-4E7A-B223-AB6217E0560C} = {3E32FC12-3E46-4AB0-9D5B-5D4F95D19A86}
		{CE5D82D6-01EA-4AD8-A93C-121A40EC01B6} = {E1C1E20C-C4BA-4BC6-A7D6-41D05FD51A2C}
		{FF4B313C-ACEE-4383-88E5-C9B196564262} = {E1C1E20C-C4BA-4BC6-A7D6-41D05FD51A2C}
		{6C0A32EC-8051-46EC-8D42-B9F92D784565} = {4D2A52D7-AD07-41DC-AB02-9BC3B9E1DA66}
		{2CF2BA20-EB75-472B-8795-D508AA3D7456} = {4D2A52D7-AD07-41DC-AB02-9BC3B9E1DA66}
		{5F20D25B-BFE4-4923-B19D-9D6CD07EFB9D} = {AB3FB904-FF2E-4E7A-B223-AB6217E0560C}
		{EE48C69C-7DC9-47E2-A5BC-BE4D3D0A8125} = {AB3FB904-FF2E-4E7A-B223-AB6217E0560C}
	EndGlobalSection
	GlobalSection(ExtensibilityGlobals) = postSolution
		SolutionGuid = {E1CF9824-0267-4C0D-88C3-C1076EF95ED3}
	EndGlobalSection
EndGlobal
